
Microsoft Visual Studio Solution File, Format Version 12.00
# Visual Studio 2013
VisualStudioVersion = 12.0.31101.0
MinimumVisualStudioVersion = 10.0.40219.1
Project("{F184B08F-C81C-45F6-A57F-5ABD9991F28F}") = "Assignment 1", "Assignment 1\Assignment 1.vbproj", "{77E4AC08-B18D-4CF8-A95D-8019AD226375}"
EndProject
Project("{F184B08F-C81C-45F6-A57F-5ABD9991F28F}") = "Database", "Database\Database.vbproj", "{57CAC3C7-651B-46D6-98D8-B6457EB4ADA4}"
EndProject
Project("{FAE04EC0-301F-11D3-BF4B-00C04F79EFBC}") = "CSLib", "CSLib\CSLib.csproj", "{C0970204-D4FF-44EB-9195-E4D3EBC67454}"
EndProject
Project("{F184B08F-C81C-45F6-A57F-5ABD9991F28F}") = "TestingLib", "OrderTestLib\TestingLib.vbproj", "{35B1C186-83A5-451B-B19A-174133EB8AF8}"
EndProject
Project("{F184B08F-C81C-45F6-A57F-5ABD9991F28F}") = "Assignment2 GUI", "Assignment2 GUI\Assignment2 GUI.vbproj", "{BC84A569-3D92-4283-B3C6-12875AFAF67F}"
EndProject
Project("{2150E333-8FDC-42A3-9474-1A3956D46DE8}") = "Solution Items", "Solution Items", "{36293B03-EFC0-4A01-A656-C596417E8F1D}"
	ProjectSection(SolutionItems) = preProject
		TODO.txt = TODO.txt
	EndProjectSection
EndProject
Project("{F184B08F-C81C-45F6-A57F-5ABD9991F28F}") = "Assignment 2", "Assignment 2\Assignment 2.vbproj", "{4F4BCE53-5CDD-46E9-B430-A0F9424D5D99}"
EndProject
Global
	GlobalSection(SolutionConfigurationPlatforms) = preSolution
		Debug|Any CPU = Debug|Any CPU
		Release|Any CPU = Release|Any CPU
	EndGlobalSection
	GlobalSection(ProjectConfigurationPlatforms) = postSolution
		{77E4AC08-B18D-4CF8-A95D-8019AD226375}.Debug|Any CPU.ActiveCfg = Debug|Any CPU
		{77E4AC08-B18D-4CF8-A95D-8019AD226375}.Debug|Any CPU.Build.0 = Debug|Any CPU
		{77E4AC08-B18D-4CF8-A95D-8019AD226375}.Release|Any CPU.ActiveCfg = Release|Any CPU
		{77E4AC08-B18D-4CF8-A95D-8019AD226375}.Release|Any CPU.Build.0 = Release|Any CPU
		{57CAC3C7-651B-46D6-98D8-B6457EB4ADA4}.Debug|Any CPU.ActiveCfg = Debug|Any CPU
		{57CAC3C7-651B-46D6-98D8-B6457EB4ADA4}.Debug|Any CPU.Build.0 = Debug|Any CPU
		{57CAC3C7-651B-46D6-98D8-B6457EB4ADA4}.Release|Any CPU.ActiveCfg = Release|Any CPU
		{57CAC3C7-651B-46D6-98D8-B6457EB4ADA4}.Release|Any CPU.Build.0 = Release|Any CPU
		{C0970204-D4FF-44EB-9195-E4D3EBC67454}.Debug|Any CPU.ActiveCfg = Debug|Any CPU
		{C0970204-D4FF-44EB-9195-E4D3EBC67454}.Debug|Any CPU.Build.0 = Debug|Any CPU
		{C0970204-D4FF-44EB-9195-E4D3EBC67454}.Release|Any CPU.ActiveCfg = Release|Any CPU
		{C0970204-D4FF-44EB-9195-E4D3EBC67454}.Release|Any CPU.Build.0 = Release|Any CPU
		{35B1C186-83A5-451B-B19A-174133EB8AF8}.Debug|Any CPU.ActiveCfg = Debug|Any CPU
		{35B1C186-83A5-451B-B19A-174133EB8AF8}.Debug|Any CPU.Build.0 = Debug|Any CPU
		{35B1C186-83A5-451B-B19A-174133EB8AF8}.Release|Any CPU.ActiveCfg = Release|Any CPU
		{35B1C186-83A5-451B-B19A-174133EB8AF8}.Release|Any CPU.Build.0 = Release|Any CPU
		{BC84A569-3D92-4283-B3C6-12875AFAF67F}.Debug|Any CPU.ActiveCfg = Debug|Any CPU
		{BC84A569-3D92-4283-B3C6-12875AFAF67F}.Debug|Any CPU.Build.0 = Debug|Any CPU
		{BC84A569-3D92-4283-B3C6-12875AFAF67F}.Release|Any CPU.ActiveCfg = Release|Any CPU
		{BC84A569-3D92-4283-B3C6-12875AFAF67F}.Release|Any CPU.Build.0 = Release|Any CPU
		{4F4BCE53-5CDD-46E9-B430-A0F9424D5D99}.Debug|Any CPU.ActiveCfg = Debug|Any CPU
		{4F4BCE53-5CDD-46E9-B430-A0F9424D5D99}.Debug|Any CPU.Build.0 = Debug|Any CPU
		{4F4BCE53-5CDD-46E9-B430-A0F9424D5D99}.Release|Any CPU.ActiveCfg = Release|Any CPU
		{4F4BCE53-5CDD-46E9-B430-A0F9424D5D99}.Release|Any CPU.Build.0 = Release|Any CPU
	EndGlobalSection
	GlobalSection(SolutionProperties) = preSolution
		HideSolutionNode = FALSE
	EndGlobalSection
EndGlobal
